
Microsoft Visual Studio Solution File, Format Version 12.00
# Visual Studio Version 16
VisualStudioVersion = 16.0.31702.278
MinimumVisualStudioVersion = 10.0.40219.1
Project("{FAE04EC0-301F-11D3-BF4B-00C04F79EFBC}") = "DndApp.UWP", "DndApp.UWP\DndApp.UWP.csproj", "{F6CDAB7B-F792-4D9A-AEE5-4B6AF95AFA1A}"
EndProject
Project("{FAE04EC0-301F-11D3-BF4B-00C04F79EFBC}") = "DndApp.Android", "DndApp.Android\DndApp.Android.csproj", "{A9EC6F81-BB36-48D5-8A52-476E45B000CD}"
EndProject
Project("{FAE04EC0-301F-11D3-BF4B-00C04F79EFBC}") = "DndApp.iOS", "DndApp.iOS\DndApp.iOS.csproj", "{676CF745-C08F-4545-985E-7E91C5EE4081}"
EndProject
Project("{9A19103F-16F7-4668-BE54-9A1E7A4F7556}") = "DndApp", "DndApp\DndApp.csproj", "{B3A4C624-B6D9-4C42-AC06-E3E8E20975DF}"
EndProject
Project("{9A19103F-16F7-4668-BE54-9A1E7A4F7556}") = "SecondAPIDnd", "SecondAPIDnd\SecondAPIDnd.csproj", "{1F7CB629-2FC8-4257-B641-1316E9F24ADD}"
EndProject
Global
	GlobalSection(SolutionConfigurationPlatforms) = preSolution
		Debug|Any CPU = Debug|Any CPU
		Debug|ARM = Debug|ARM
		Debug|iPhone = Debug|iPhone
		Debug|iPhoneSimulator = Debug|iPhoneSimulator
		Debug|x64 = Debug|x64
		Debug|x86 = Debug|x86
		Release|Any CPU = Release|Any CPU
		Release|ARM = Release|ARM
		Release|iPhone = Release|iPhone
		Release|iPhoneSimulator = Release|iPhoneSimulator
		Release|x64 = Release|x64
		Release|x86 = Release|x86
	EndGlobalSection
	GlobalSection(ProjectConfigurationPlatforms) = postSolution
		{F6CDAB7B-F792-4D9A-AEE5-4B6AF95AFA1A}.Debug|Any CPU.ActiveCfg = Debug|x86
		{F6CDAB7B-F792-4D9A-AEE5-4B6AF95AFA1A}.Debug|Any CPU.Build.0 = Debug|x86
		{F6CDAB7B-F792-4D9A-AEE5-4B6AF95AFA1A}.Debug|Any CPU.Deploy.0 = Debug|x86
		{F6CDAB7B-F792-4D9A-AEE5-4B6AF95AFA1A}.Debug|ARM.ActiveCfg = Debug|ARM
		{F6CDAB7B-F792-4D9A-AEE5-4B6AF95AFA1A}.Debug|ARM.Build.0 = Debug|ARM
		{F6CDAB7B-F792-4D9A-AEE5-4B6AF95AFA1A}.Debug|ARM.Deploy.0 = Debug|ARM
		{F6CDAB7B-F792-4D9A-AEE5-4B6AF95AFA1A}.Debug|iPhone.ActiveCfg = Debug|x86
		{F6CDAB7B-F792-4D9A-AEE5-4B6AF95AFA1A}.Debug|iPhone.Build.0 = Debug|x86
		{F6CDAB7B-F792-4D9A-AEE5-4B6AF95AFA1A}.Debug|iPhone.Deploy.0 = Debug|x86
		{F6CDAB7B-F792-4D9A-AEE5-4B6AF95AFA1A}.Debug|iPhoneSimulator.ActiveCfg = Debug|x86
		{F6CDAB7B-F792-4D9A-AEE5-4B6AF95AFA1A}.Debug|iPhoneSimulator.Build.0 = Debug|x86
		{F6CDAB7B-F792-4D9A-AEE5-4B6AF95AFA1A}.Debug|iPhoneSimulator.Deploy.0 = Debug|x86
		{F6CDAB7B-F792-4D9A-AEE5-4B6AF95AFA1A}.Debug|x64.ActiveCfg = Debug|x64
		{F6CDAB7B-F792-4D9A-AEE5-4B6AF95AFA1A}.Debug|x64.Build.0 = Debug|x64
		{F6CDAB7B-F792-4D9A-AEE5-4B6AF95AFA1A}.Debug|x64.Deploy.0 = Debug|x64
		{F6CDAB7B-F792-4D9A-AEE5-4B6AF95AFA1A}.Debug|x86.ActiveCfg = Debug|x86
		{F6CDAB7B-F792-4D9A-AEE5-4B6AF95AFA1A}.Debug|x86.Build.0 = Debug|x86
		{F6CDAB7B-F792-4D9A-AEE5-4B6AF95AFA1A}.Debug|x86.Deploy.0 = Debug|x86
		{F6CDAB7B-F792-4D9A-AEE5-4B6AF95AFA1A}.Release|Any CPU.ActiveCfg = Release|x86
		{F6CDAB7B-F792-4D9A-AEE5-4B6AF95AFA1A}.Release|Any CPU.Build.0 = Release|x86
		{F6CDAB7B-F792-4D9A-AEE5-4B6AF95AFA1A}.Release|Any CPU.Deploy.0 = Release|x86
		{F6CDAB7B-F792-4D9A-AEE5-4B6AF95AFA1A}.Release|ARM.ActiveCfg = Release|ARM
		{F6CDAB7B-F792-4D9A-AEE5-4B6AF95AFA1A}.Release|ARM.Build.0 = Release|ARM
		{F6CDAB7B-F792-4D9A-AEE5-4B6AF95AFA1A}.Release|ARM.Deploy.0 = Release|ARM
		{F6CDAB7B-F792-4D9A-AEE5-4B6AF95AFA1A}.Release|iPhone.ActiveCfg = Release|x86
		{F6CDAB7B-F792-4D9A-AEE5-4B6AF95AFA1A}.Release|iPhone.Build.0 = Release|x86
		{F6CDAB7B-F792-4D9A-AEE5-4B6AF95AFA1A}.Release|iPhone.Deploy.0 = Release|x86
		{F6CDAB7B-F792-4D9A-AEE5-4B6AF95AFA1A}.Release|iPhoneSimulator.ActiveCfg = Release|x86
		{F6CDAB7B-F792-4D9A-AEE5-4B6AF95AFA1A}.Release|iPhoneSimulator.Build.0 = Release|x86
		{F6CDAB7B-F792-4D9A-AEE5-4B6AF95AFA1A}.Release|iPhoneSimulator.Deploy.0 = Release|x86
		{F6CDAB7B-F792-4D9A-AEE5-4B6AF95AFA1A}.Release|x64.ActiveCfg = Release|x64
		{F6CDAB7B-F792-4D9A-AEE5-4B6AF95AFA1A}.Release|x64.Build.0 = Release|x64
		{F6CDAB7B-F792-4D9A-AEE5-4B6AF95AFA1A}.Release|x64.Deploy.0 = Release|x64
		{F6CDAB7B-F792-4D9A-AEE5-4B6AF95AFA1A}.Release|x86.ActiveCfg = Release|x86
		{F6CDAB7B-F792-4D9A-AEE5-4B6AF95AFA1A}.Release|x86.Build.0 = Release|x86
		{F6CDAB7B-F792-4D9A-AEE5-4B6AF95AFA1A}.Release|x86.Deploy.0 = Release|x86
		{A9EC6F81-BB36-48D5-8A52-476E45B000CD}.Debug|Any CPU.ActiveCfg = Debug|Any CPU
		{A9EC6F81-BB36-48D5-8A52-476E45B000CD}.Debug|Any CPU.Build.0 = Debug|Any CPU
		{A9EC6F81-BB36-48D5-8A52-476E45B000CD}.Debug|Any CPU.Deploy.0 = Debug|Any CPU
		{A9EC6F81-BB36-48D5-8A52-476E45B000CD}.Debug|ARM.ActiveCfg = Debug|Any CPU
		{A9EC6F81-BB36-48D5-8A52-476E45B000CD}.Debug|ARM.Build.0 = Debug|Any CPU
		{A9EC6F81-BB36-48D5-8A52-476E45B000CD}.Debug|ARM.Deploy.0 = Debug|Any CPU
		{A9EC6F81-BB36-48D5-8A52-476E45B000CD}.Debug|iPhone.ActiveCfg = Debug|Any CPU
		{A9EC6F81-BB36-48D5-8A52-476E45B000CD}.Debug|iPhone.Build.0 = Debug|Any CPU
		{A9EC6F81-BB36-48D5-8A52-476E45B000CD}.Debug|iPhone.Deploy.0 = Debug|Any CPU
		{A9EC6F81-BB36-48D5-8A52-476E45B000CD}.Debug|iPhoneSimulator.ActiveCfg = Debug|Any CPU
		{A9EC6F81-BB36-48D5-8A52-476E45B000CD}.Debug|iPhoneSimulator.Build.0 = Debug|Any CPU
		{A9EC6F81-BB36-48D5-8A52-476E45B000CD}.Debug|iPhoneSimulator.Deploy.0 = Debug|Any CPU
		{A9EC6F81-BB36-48D5-8A52-476E45B000CD}.Debug|x64.ActiveCfg = Debug|Any CPU
		{A9EC6F81-BB36-48D5-8A52-476E45B000CD}.Debug|x64.Build.0 = Debug|Any CPU
		{A9EC6F81-BB36-48D5-8A52-476E45B000CD}.Debug|x64.Deploy.0 = Debug|Any CPU
		{A9EC6F81-BB36-48D5-8A52-476E45B000CD}.Debug|x86.ActiveCfg = Debug|Any CPU
		{A9EC6F81-BB36-48D5-8A52-476E45B000CD}.Debug|x86.Build.0 = Debug|Any CPU
		{A9EC6F81-BB36-48D5-8A52-476E45B000CD}.Debug|x86.Deploy.0 = Debug|Any CPU
		{A9EC6F81-BB36-48D5-8A52-476E45B000CD}.Release|Any CPU.ActiveCfg = Release|Any CPU
		{A9EC6F81-BB36-48D5-8A52-476E45B000CD}.Release|Any CPU.Build.0 = Release|Any CPU
		{A9EC6F81-BB36-48D5-8A52-476E45B000CD}.Release|Any CPU.Deploy.0 = Release|Any CPU
		{A9EC6F81-BB36-48D5-8A52-476E45B000CD}.Release|ARM.ActiveCfg = Release|Any CPU
		{A9EC6F81-BB36-48D5-8A52-476E45B000CD}.Release|ARM.Build.0 = Release|Any CPU
		{A9EC6F81-BB36-48D5-8A52-476E45B000CD}.Release|ARM.Deploy.0 = Release|Any CPU
		{A9EC6F81-BB36-48D5-8A52-476E45B000CD}.Release|iPhone.ActiveCfg = Release|Any CPU
		{A9EC6F81-BB36-48D5-8A52-476E45B000CD}.Release|iPhone.Build.0 = Release|Any CPU
		{A9EC6F81-BB36-48D5-8A52-476E45B000CD}.Release|iPhone.Deploy.0 = Release|Any CPU
		{A9EC6F81-BB36-48D5-8A52-476E45B000CD}.Release|iPhoneSimulator.ActiveCfg = Release|Any CPU
		{A9EC6F81-BB36-48D5-8A52-476E45B000CD}.Release|iPhoneSimulator.Build.0 = Release|Any CPU
		{A9EC6F81-BB36-48D5-8A52-476E45B000CD}.Release|iPhoneSimulator.Deploy.0 = Release|Any CPU
		{A9EC6F81-BB36-48D5-8A52-476E45B000CD}.Release|x64.ActiveCfg = Release|Any CPU
		{A9EC6F81-BB36-48D5-8A52-476E45B000CD}.Release|x64.Build.0 = Release|Any CPU
		{A9EC6F81-BB36-48D5-8A52-476E45B000CD}.Release|x64.Deploy.0 = Release|Any CPU
		{A9EC6F81-BB36-48D5-8A52-476E45B000CD}.Release|x86.ActiveCfg = Release|Any CPU
		{A9EC6F81-BB36-48D5-8A52-476E45B000CD}.Release|x86.Build.0 = Release|Any CPU
		{A9EC6F81-BB36-48D5-8A52-476E45B000CD}.Release|x86.Deploy.0 = Release|Any CPU
		{676CF745-C08F-4545-985E-7E91C5EE4081}.Debug|Any CPU.ActiveCfg = Debug|iPhoneSimulator
		{676CF745-C08F-4545-985E-7E91C5EE4081}.Debug|Any CPU.Build.0 = Debug|iPhoneSimulator
		{676CF745-C08F-4545-985E-7E91C5EE4081}.Debug|Any CPU.Deploy.0 = Debug|iPhoneSimulator
		{676CF745-C08F-4545-985E-7E91C5EE4081}.Debug|ARM.ActiveCfg = Debug|iPhone
		{676CF745-C08F-4545-985E-7E91C5EE4081}.Debug|ARM.Build.0 = Debug|iPhone
		{676CF745-C08F-4545-985E-7E91C5EE4081}.Debug|ARM.Deploy.0 = Debug|iPhone
		{676CF745-C08F-4545-985E-7E91C5EE4081}.Debug|iPhone.ActiveCfg = Debug|iPhone
		{676CF745-C08F-4545-985E-7E91C5EE4081}.Debug|iPhone.Build.0 = Debug|iPhone
		{676CF745-C08F-4545-985E-7E91C5EE4081}.Debug|iPhone.Deploy.0 = Debug|iPhone
		{676CF745-C08F-4545-985E-7E91C5EE4081}.Debug|iPhoneSimulator.ActiveCfg = Debug|iPhoneSimulator
		{676CF745-C08F-4545-985E-7E91C5EE4081}.Debug|iPhoneSimulator.Build.0 = Debug|iPhoneSimulator
		{676CF745-C08F-4545-985E-7E91C5EE4081}.Debug|iPhoneSimulator.Deploy.0 = Debug|iPhoneSimulator
		{676CF745-C08F-4545-985E-7E91C5EE4081}.Debug|x64.ActiveCfg = Debug|iPhoneSimulator
		{676CF745-C08F-4545-985E-7E91C5EE4081}.Debug|x64.Build.0 = Debug|iPhoneSimulator
		{676CF745-C08F-4545-985E-7E91C5EE4081}.Debug|x64.Deploy.0 = Debug|iPhoneSimulator
		{676CF745-C08F-4545-985E-7E91C5EE4081}.Debug|x86.ActiveCfg = Debug|iPhoneSimulator
		{676CF745-C08F-4545-985E-7E91C5EE4081}.Debug|x86.Build.0 = Debug|iPhoneSimulator
		{676CF745-C08F-4545-985E-7E91C5EE4081}.Debug|x86.Deploy.0 = Debug|iPhoneSimulator
		{676CF745-C08F-4545-985E-7E91C5EE4081}.Release|Any CPU.ActiveCfg = Release|iPhoneSimulator
		{676CF745-C08F-4545-985E-7E91C5EE4081}.Release|Any CPU.Build.0 = Release|iPhoneSimulator
		{676CF745-C08F-4545-985E-7E91C5EE4081}.Release|Any CPU.Deploy.0 = Release|iPhoneSimulator
		{676CF745-C08F-4545-985E-7E91C5EE4081}.Release|ARM.ActiveCfg = Release|iPhoneSimulator
		{676CF745-C08F-4545-985E-7E91C5EE4081}.Release|ARM.Build.0 = Release|iPhoneSimulator
		{676CF745-C08F-4545-985E-7E91C5EE4081}.Release|ARM.Deploy.0 = Release|iPhoneSimulator
		{676CF745-C08F-4545-985E-7E91C5EE4081}.Release|iPhone.ActiveCfg = Release|iPhone
		{676CF745-C08F-4545-985E-7E91C5EE4081}.Release|iPhone.Build.0 = Release|iPhone
		{676CF745-C08F-4545-985E-7E91C5EE4081}.Release|iPhone.Deploy.0 = Release|iPhone
		{676CF745-C08F-4545-985E-7E91C5EE4081}.Release|iPhoneSimulator.ActiveCfg = Release|iPhoneSimulator
		{676CF745-C08F-4545-985E-7E91C5EE4081}.Release|iPhoneSimulator.Build.0 = Release|iPhoneSimulator
		{676CF745-C08F-4545-985E-7E91C5EE4081}.Release|iPhoneSimulator.Deploy.0 = Release|iPhoneSimulator
		{676CF745-C08F-4545-985E-7E91C5EE4081}.Release|x64.ActiveCfg = Release|iPhoneSimulator
		{676CF745-C08F-4545-985E-7E91C5EE4081}.Release|x64.Build.0 = Release|iPhoneSimulator
		{676CF745-C08F-4545-985E-7E91C5EE4081}.Release|x64.Deploy.0 = Release|iPhoneSimulator
		{676CF745-C08F-4545-985E-7E91C5EE4081}.Release|x86.ActiveCfg = Release|iPhoneSimulator
		{676CF745-C08F-4545-985E-7E91C5EE4081}.Release|x86.Build.0 = Release|iPhoneSimulator
		{676CF745-C08F-4545-985E-7E91C5EE4081}.Release|x86.Deploy.0 = Release|iPhoneSimulator
		{B3A4C624-B6D9-4C42-AC06-E3E8E20975DF}.Debug|Any CPU.ActiveCfg = Debug|Any CPU
		{B3A4C624-B6D9-4C42-AC06-E3E8E20975DF}.Debug|Any CPU.Build.0 = Debug|Any CPU
		{B3A4C624-B6D9-4C42-AC06-E3E8E20975DF}.Debug|Any CPU.Deploy.0 = Debug|Any CPU
		{B3A4C624-B6D9-4C42-AC06-E3E8E20975DF}.Debug|ARM.ActiveCfg = Debug|Any CPU
		{B3A4C624-B6D9-4C42-AC06-E3E8E20975DF}.Debug|ARM.Build.0 = Debug|Any CPU
		{B3A4C624-B6D9-4C42-AC06-E3E8E20975DF}.Debug|ARM.Deploy.0 = Debug|Any CPU
		{B3A4C624-B6D9-4C42-AC06-E3E8E20975DF}.Debug|iPhone.ActiveCfg = Debug|Any CPU
		{B3A4C624-B6D9-4C42-AC06-E3E8E20975DF}.Debug|iPhone.Build.0 = Debug|Any CPU
		{B3A4C624-B6D9-4C42-AC06-E3E8E20975DF}.Debug|iPhone.Deploy.0 = Debug|Any CPU
		{B3A4C624-B6D9-4C42-AC06-E3E8E20975DF}.Debug|iPhoneSimulator.ActiveCfg = Debug|Any CPU
		{B3A4C624-B6D9-4C42-AC06-E3E8E20975DF}.Debug|iPhoneSimulator.Build.0 = Debug|Any CPU
		{B3A4C624-B6D9-4C42-AC06-E3E8E20975DF}.Debug|iPhoneSimulator.Deploy.0 = Debug|Any CPU
		{B3A4C624-B6D9-4C42-AC06-E3E8E20975DF}.Debug|x64.ActiveCfg = Debug|Any CPU
		{B3A4C624-B6D9-4C42-AC06-E3E8E20975DF}.Debug|x64.Build.0 = Debug|Any CPU
		{B3A4C624-B6D9-4C42-AC06-E3E8E20975DF}.Debug|x64.Deploy.0 = Debug|Any CPU
		{B3A4C624-B6D9-4C42-AC06-E3E8E20975DF}.Debug|x86.ActiveCfg = Debug|Any CPU
		{B3A4C624-B6D9-4C42-AC06-E3E8E20975DF}.Debug|x86.Build.0 = Debug|Any CPU
		{B3A4C624-B6D9-4C42-AC06-E3E8E20975DF}.Debug|x86.Deploy.0 = Debug|Any CPU
		{B3A4C624-B6D9-4C42-AC06-E3E8E20975DF}.Release|Any CPU.ActiveCfg = Release|Any CPU
		{B3A4C624-B6D9-4C42-AC06-E3E8E20975DF}.Release|Any CPU.Build.0 = Release|Any CPU
		{B3A4C624-B6D9-4C42-AC06-E3E8E20975DF}.Release|Any CPU.Deploy.0 = Release|Any CPU
		{B3A4C624-B6D9-4C42-AC06-E3E8E20975DF}.Release|ARM.ActiveCfg = Release|Any CPU
		{B3A4C624-B6D9-4C42-AC06-E3E8E20975DF}.Release|ARM.Build.0 = Release|Any CPU
		{B3A4C624-B6D9-4C42-AC06-E3E8E20975DF}.Release|ARM.Deploy.0 = Release|Any CPU
		{B3A4C624-B6D9-4C42-AC06-E3E8E20975DF}.Release|iPhone.ActiveCfg = Release|Any CPU
		{B3A4C624-B6D9-4C42-AC06-E3E8E20975DF}.Release|iPhone.Build.0 = Release|Any CPU
		{B3A4C624-B6D9-4C42-AC06-E3E8E20975DF}.Release|iPhone.Deploy.0 = Release|Any CPU
		{B3A4C624-B6D9-4C42-AC06-E3E8E20975DF}.Release|iPhoneSimulator.ActiveCfg = Release|Any CPU
		{B3A4C624-B6D9-4C42-AC06-E3E8E20975DF}.Release|iPhoneSimulator.Build.0 = Release|Any CPU
		{B3A4C624-B6D9-4C42-AC06-E3E8E20975DF}.Release|iPhoneSimulator.Deploy.0 = Release|Any CPU
		{B3A4C624-B6D9-4C42-AC06-E3E8E20975DF}.Release|x64.ActiveCfg = Release|Any CPU
		{B3A4C624-B6D9-4C42-AC06-E3E8E20975DF}.Release|x64.Build.0 = Release|Any CPU
		{B3A4C624-B6D9-4C42-AC06-E3E8E20975DF}.Release|x64.Deploy.0 = Release|Any CPU
		{B3A4C624-B6D9-4C42-AC06-E3E8E20975DF}.Release|x86.ActiveCfg = Release|Any CPU
		{B3A4C624-B6D9-4C42-AC06-E3E8E20975DF}.Release|x86.Build.0 = Release|Any CPU
		{B3A4C624-B6D9-4C42-AC06-E3E8E20975DF}.Release|x86.Deploy.0 = Release|Any CPU
		{1F7CB629-2FC8-4257-B641-1316E9F24ADD}.Debug|Any CPU.ActiveCfg = Debug|Any CPU
		{1F7CB629-2FC8-4257-B641-1316E9F24ADD}.Debug|Any CPU.Build.0 = Debug|Any CPU
		{1F7CB629-2FC8-4257-B641-1316E9F24ADD}.Debug|ARM.ActiveCfg = Debug|Any CPU
		{1F7CB629-2FC8-4257-B641-1316E9F24ADD}.Debug|ARM.Build.0 = Debug|Any CPU
		{1F7CB629-2FC8-4257-B641-1316E9F24ADD}.Debug|iPhone.ActiveCfg = Debug|Any CPU
		{1F7CB629-2FC8-4257-B641-1316E9F24ADD}.Debug|iPhone.Build.0 = Debug|Any CPU
		{1F7CB629-2FC8-4257-B641-1316E9F24ADD}.Debug|iPhoneSimulator.ActiveCfg = Debug|Any CPU
		{1F7CB629-2FC8-4257-B641-1316E9F24ADD}.Debug|iPhoneSimulator.Build.0 = Debug|Any CPU
		{1F7CB629-2FC8-4257-B641-1316E9F24ADD}.Debug|x64.ActiveCfg = Debug|Any CPU
		{1F7CB629-2FC8-4257-B641-1316E9F24ADD}.Debug|x64.Build.0 = Debug|Any CPU
		{1F7CB629-2FC8-4257-B641-1316E9F24ADD}.Debug|x86.ActiveCfg = Debug|Any CPU
		{1F7CB629-2FC8-4257-B641-1316E9F24ADD}.Debug|x86.Build.0 = Debug|Any CPU
		{1F7CB629-2FC8-4257-B641-1316E9F24ADD}.Release|Any CPU.ActiveCfg = Release|Any CPU
		{1F7CB629-2FC8-4257-B641-1316E9F24ADD}.Release|Any CPU.Build.0 = Release|Any CPU
		{1F7CB629-2FC8-4257-B641-1316E9F24ADD}.Release|ARM.ActiveCfg = Release|Any CPU
		{1F7CB629-2FC8-4257-B641-1316E9F24ADD}.Release|ARM.Build.0 = Release|Any CPU
		{1F7CB629-2FC8-4257-B641-1316E9F24ADD}.Release|iPhone.ActiveCfg = Release|Any CPU
		{1F7CB629-2FC8-4257-B641-1316E9F24ADD}.Release|iPhone.Build.0 = Release|Any CPU
		{1F7CB629-2FC8-4257-B641-1316E9F24ADD}.Release|iPhoneSimulator.ActiveCfg = Release|Any CPU
		{1F7CB629-2FC8-4257-B641-1316E9F24ADD}.Release|iPhoneSimulator.Build.0 = Release|Any CPU
		{1F7CB629-2FC8-4257-B641-1316E9F24ADD}.Release|x64.ActiveCfg = Release|Any CPU
		{1F7CB629-2FC8-4257-B641-1316E9F24ADD}.Release|x64.Build.0 = Release|Any CPU
		{1F7CB629-2FC8-4257-B641-1316E9F24ADD}.Release|x86.ActiveCfg = Release|Any CPU
		{1F7CB629-2FC8-4257-B641-1316E9F24ADD}.Release|x86.Build.0 = Release|Any CPU
	EndGlobalSection
	GlobalSection(SolutionProperties) = preSolution
		HideSolutionNode = FALSE
	EndGlobalSection
	GlobalSection(ExtensibilityGlobals) = postSolution
		SolutionGuid = {EFEBF039-2514-4452-89D6-954ACA00C04C}
	EndGlobalSection
EndGlobal
